
Microsoft Visual Studio Solution File, Format Version 12.00
# Visual Studio Version 17
VisualStudioVersion = 17.4.33213.308
MinimumVisualStudioVersion = 10.0.40219.1
Project("{FAE04EC0-301F-11D3-BF4B-00C04F79EFBC}") = "Gestion bibliotheque", "Gestion bibliotheque\Gestion bibliotheque.csproj", "{D74F21C5-D420-45AE-887D-981D2084A27A}"
EndProject
Global
	GlobalSection(SolutionConfigurationPlatforms) = preSolution
		Debug|Any CPU = Debug|Any CPU
		Release|Any CPU = Release|Any CPU
	EndGlobalSection
	GlobalSection(ProjectConfigurationPlatforms) = postSolution
		{D74F21C5-D420-45AE-887D-981D2084A27A}.Debug|Any CPU.ActiveCfg = Debug|Any CPU
		{D74F21C5-D420-45AE-887D-981D2084A27A}.Debug|Any CPU.Build.0 = Debug|Any CPU
		{D74F21C5-D420-45AE-887D-981D2084A27A}.Release|Any CPU.ActiveCfg = Release|Any CPU
		{D74F21C5-D420-45AE-887D-981D2084A27A}.Release|Any CPU.Build.0 = Release|Any CPU
	EndGlobalSection
	GlobalSection(SolutionProperties) = preSolution
		HideSolutionNode = FALSE
	EndGlobalSection
	GlobalSection(ExtensibilityGlobals) = postSolution
		SolutionGuid = {06D7C409-E9E6-4F12-B961-E374E86A2245}
	EndGlobalSection
EndGlobal
